
Microsoft Visual Studio Solution File, Format Version 11.00
# Visual Basic Express 2010
Project("{F184B08F-C81C-45F6-A57F-5ABD9991F28F}") = "Cap04_Exer05g", "Cap04_Exer05g\Cap04_Exer05g.vbproj", "{48E1BA91-00AB-4D74-B5D4-319CDD5A9AD2}"
EndProject
Global
	GlobalSection(SolutionConfigurationPlatforms) = preSolution
		Debug|x86 = Debug|x86
		Release|x86 = Release|x86
	EndGlobalSection
	GlobalSection(ProjectConfigurationPlatforms) = postSolution
		{48E1BA91-00AB-4D74-B5D4-319CDD5A9AD2}.Debug|x86.ActiveCfg = Debug|x86
		{48E1BA91-00AB-4D74-B5D4-319CDD5A9AD2}.Debug|x86.Build.0 = Debug|x86
		{48E1BA91-00AB-4D74-B5D4-319CDD5A9AD2}.Release|x86.ActiveCfg = Release|x86
		{48E1BA91-00AB-4D74-B5D4-319CDD5A9AD2}.Release|x86.Build.0 = Release|x86
	EndGlobalSection
	GlobalSection(SolutionProperties) = preSolution
		HideSolutionNode = FALSE
	EndGlobalSection
EndGlobal
