
Microsoft Visual Studio Solution File, Format Version 11.00
# Visual Basic Express 2010
Project("{F184B08F-C81C-45F6-A57F-5ABD9991F28F}") = "Cap02_Exer06", "Cap02_Exer06\Cap02_Exer06.vbproj", "{D4F46257-5790-490C-86AA-16C3E005B22B}"
EndProject
Global
	GlobalSection(SolutionConfigurationPlatforms) = preSolution
		Debug|x86 = Debug|x86
		Release|x86 = Release|x86
	EndGlobalSection
	GlobalSection(ProjectConfigurationPlatforms) = postSolution
		{D4F46257-5790-490C-86AA-16C3E005B22B}.Debug|x86.ActiveCfg = Debug|x86
		{D4F46257-5790-490C-86AA-16C3E005B22B}.Debug|x86.Build.0 = Debug|x86
		{D4F46257-5790-490C-86AA-16C3E005B22B}.Release|x86.ActiveCfg = Release|x86
		{D4F46257-5790-490C-86AA-16C3E005B22B}.Release|x86.Build.0 = Release|x86
	EndGlobalSection
	GlobalSection(SolutionProperties) = preSolution
		HideSolutionNode = FALSE
	EndGlobalSection
EndGlobal
