
Microsoft Visual Studio Solution File, Format Version 11.00
# Visual Basic Express 2010
Project("{F184B08F-C81C-45F6-A57F-5ABD9991F28F}") = "Cap04_Exer01a", "Cap04_Exer01a\Cap04_Exer01a.vbproj", "{F512575A-ACED-4D4B-B0B5-59B9F5AF4050}"
EndProject
Global
	GlobalSection(SolutionConfigurationPlatforms) = preSolution
		Debug|x86 = Debug|x86
		Release|x86 = Release|x86
	EndGlobalSection
	GlobalSection(ProjectConfigurationPlatforms) = postSolution
		{F512575A-ACED-4D4B-B0B5-59B9F5AF4050}.Debug|x86.ActiveCfg = Debug|x86
		{F512575A-ACED-4D4B-B0B5-59B9F5AF4050}.Debug|x86.Build.0 = Debug|x86
		{F512575A-ACED-4D4B-B0B5-59B9F5AF4050}.Release|x86.ActiveCfg = Release|x86
		{F512575A-ACED-4D4B-B0B5-59B9F5AF4050}.Release|x86.Build.0 = Release|x86
	EndGlobalSection
	GlobalSection(SolutionProperties) = preSolution
		HideSolutionNode = FALSE
	EndGlobalSection
EndGlobal
