
Microsoft Visual Studio Solution File, Format Version 11.00
# Visual Basic Express 2010
Project("{F184B08F-C81C-45F6-A57F-5ABD9991F28F}") = "Cap04_Exer02a", "Cap04_Exer02a\Cap04_Exer02a.vbproj", "{BDBD9F19-D144-47C0-8EFB-BEF20EAEEA51}"
EndProject
Global
	GlobalSection(SolutionConfigurationPlatforms) = preSolution
		Debug|x86 = Debug|x86
		Release|x86 = Release|x86
	EndGlobalSection
	GlobalSection(ProjectConfigurationPlatforms) = postSolution
		{BDBD9F19-D144-47C0-8EFB-BEF20EAEEA51}.Debug|x86.ActiveCfg = Debug|x86
		{BDBD9F19-D144-47C0-8EFB-BEF20EAEEA51}.Debug|x86.Build.0 = Debug|x86
		{BDBD9F19-D144-47C0-8EFB-BEF20EAEEA51}.Release|x86.ActiveCfg = Release|x86
		{BDBD9F19-D144-47C0-8EFB-BEF20EAEEA51}.Release|x86.Build.0 = Release|x86
	EndGlobalSection
	GlobalSection(SolutionProperties) = preSolution
		HideSolutionNode = FALSE
	EndGlobalSection
EndGlobal
